Microsoft Visual Studio Solution File, Format Version 11.00
# Visual Studio 2008

Project("{82803AA2-194D-81E1-9D18-2ED81202BDED}") = "pet pet", "Assembly-CSharp.csproj", "{B94C1EB1-15A6-9639-E773-CEF533AEDC5F}"
EndProject
Global
	GlobalSection(SolutionConfigurationPlatforms) = preSolution
		Debug|Any CPU = Debug|Any CPU
		Release|Any CPU = Release|Any CPU
	EndGlobalSection
	GlobalSection(ProjectConfigurationPlatforms) = postSolution
		{B94C1EB1-15A6-9639-E773-CEF533AEDC5F}.Debug|Any CPU.ActiveCfg = Debug|Any CPU
		{B94C1EB1-15A6-9639-E773-CEF533AEDC5F}.Debug|Any CPU.Build.0 = Debug|Any CPU
		{B94C1EB1-15A6-9639-E773-CEF533AEDC5F}.Release|Any CPU.ActiveCfg = Release|Any CPU
		{B94C1EB1-15A6-9639-E773-CEF533AEDC5F}.Release|Any CPU.Build.0 = Release|Any CPU
	EndGlobalSection
	GlobalSection(SolutionProperties) = preSolution
		HideSolutionNode = FALSE
	EndGlobalSection
	GlobalSection(MonoDevelopProperties) = preSolution
		StartupItem = Assembly-CSharp.csproj
	EndGlobalSection
EndGlobal
